// !$*UTF8*$!
{
	archiveVersion = 1;
	classes = {
	};
	objectVersion = 56;
	objects = {

/* Begin PBXBuildFile section */
		ADC9C6422AAA6E9700FBE5EC /* LandmarksApp.swift in Sources */ = {isa = PBXBuildFile; fileRef = ADC9C6412AAA6E9700FBE5EC /* LandmarksApp.swift */; };
		ADC9C6442AAA6E9700FBE5EC /* ContentView.swift in Sources */ = {isa = PBXBuildFile; fileRef = ADC9C6432AAA6E9700FBE5EC /* ContentView.swift */; };
		ADC9C6462AAA6E9800FBE5EC /* Assets.xcassets in Resources */ = {isa = PBXBuildFile; fileRef = ADC9C6452AAA6E9800FBE5EC /* Assets.xcassets */; };
		ADC9C6492AAA6E9800FBE5EC /* Preview Assets.xcassets in Resources */ = {isa = PBXBuildFile; fileRef = ADC9C6482AAA6E9800FBE5EC /* Preview Assets.xcassets */; };
		ADC9C6502AB1F8C300FBE5EC /* CircleImage.swift in Sources */ = {isa = PBXBuildFile; fileRef = ADC9C64F2AB1F8C300FBE5EC /* CircleImage.swift */; };
		ADC9C6522AB1FD5A00FBE5EC /* MapView.swift in Sources */ = {isa = PBXBuildFile; fileRef = ADC9C6512AB1FD5A00FBE5EC /* MapView.swift */; };
		ADC9C6542AB20BE300FBE5EC /* landmarkData.json in Resources */ = {isa = PBXBuildFile; fileRef = ADC9C6532AB20BE300FBE5EC /* landmarkData.json */; };
		ADC9C6562AB20C6700FBE5EC /* Landmark.swift in Sources */ = {isa = PBXBuildFile; fileRef = ADC9C6552AB20C6700FBE5EC /* Landmark.swift */; };
		ADC9C6582AB211C600FBE5EC /* ModelData.swift in Sources */ = {isa = PBXBuildFile; fileRef = ADC9C6572AB211C600FBE5EC /* ModelData.swift */; };
		ADC9C6602AD181D400FBE5EC /* LandmarkRow.swift in Sources */ = {isa = PBXBuildFile; fileRef = ADC9C65F2AD181D400FBE5EC /* LandmarkRow.swift */; };
		ADC9C6622AED607A00FBE5EC /* LandmarksList.swift in Sources */ = {isa = PBXBuildFile; fileRef = ADC9C6612AED607A00FBE5EC /* LandmarksList.swift */; };
		ADC9C6642AED650800FBE5EC /* LandmarkDetail.swift in Sources */ = {isa = PBXBuildFile; fileRef = ADC9C6632AED650800FBE5EC /* LandmarkDetail.swift */; };
/* End PBXBuildFile section */

/* Begin PBXFileReference section */
		ADC9C63E2AAA6E9700FBE5EC /* Landmarks.app */ = {isa = PBXFileReference; explicitFileType = wrapper.application; includeInIndex = 0; path = Landmarks.app; sourceTree = BUILT_PRODUCTS_DIR; };
		ADC9C6412AAA6E9700FBE5EC /* LandmarksApp.swift */ = {isa = PBXFileReference; lastKnownFileType = sourcecode.swift; path = LandmarksApp.swift; sourceTree = "<group>"; };
		ADC9C6432AAA6E9700FBE5EC /* ContentView.swift */ = {isa = PBXFileReference; lastKnownFileType = sourcecode.swift; path = ContentView.swift; sourceTree = "<group>"; };
		ADC9C6452AAA6E9800FBE5EC /* Assets.xcassets */ = {isa = PBXFileReference; lastKnownFileType = folder.assetcatalog; path = Assets.xcassets; sourceTree = "<group>"; };
		ADC9C6482AAA6E9800FBE5EC /* Preview Assets.xcassets */ = {isa = PBXFileReference; lastKnownFileType = folder.assetcatalog; path = "Preview Assets.xcassets"; sourceTree = "<group>"; };
		ADC9C64F2AB1F8C300FBE5EC /* CircleImage.swift */ = {isa = PBXFileReference; lastKnownFileType = sourcecode.swift; path = CircleImage.swift; sourceTree = "<group>"; };
		ADC9C6512AB1FD5A00FBE5EC /* MapView.swift */ = {isa = PBXFileReference; lastKnownFileType = sourcecode.swift; path = MapView.swift; sourceTree = "<group>"; };
		ADC9C6532AB20BE300FBE5EC /* landmarkData.json */ = {isa = PBXFileReference; fileEncoding = 4; lastKnownFileType = text.json; path = landmarkData.json; sourceTree = "<group>"; };
		ADC9C6552AB20C6700FBE5EC /* Landmark.swift */ = {isa = PBXFileReference; lastKnownFileType = sourcecode.swift; path = Landmark.swift; sourceTree = "<group>"; };
		ADC9C6572AB211C600FBE5EC /* ModelData.swift */ = {isa = PBXFileReference; lastKnownFileType = sourcecode.swift; path = ModelData.swift; sourceTree = "<group>"; };
		ADC9C65F2AD181D400FBE5EC /* LandmarkRow.swift */ = {isa = PBXFileReference; lastKnownFileType = sourcecode.swift; path = LandmarkRow.swift; sourceTree = "<group>"; };
		ADC9C6612AED607A00FBE5EC /* LandmarksList.swift */ = {isa = PBXFileReference; lastKnownFileType = sourcecode.swift; path = LandmarksList.swift; sourceTree = "<group>"; };
		ADC9C6632AED650800FBE5EC /* LandmarkDetail.swift */ = {isa = PBXFileReference; lastKnownFileType = sourcecode.swift; path = LandmarkDetail.swift; sourceTree = "<group>"; };
/* End PBXFileReference section */

/* Begin PBXFrameworksBuildPhase section */
		ADC9C63B2AAA6E9700FBE5EC /* Frameworks */ = {
			isa = PBXFrameworksBuildPhase;
			buildActionMask = 2147483647;
			files = (
			);
			runOnlyForDeploymentPostprocessing = 0;
		};
/* End PBXFrameworksBuildPhase section */

/* Begin PBXGroup section */
		ADC9C6352AAA6E9700FBE5EC = {
			isa = PBXGroup;
			children = (
				ADC9C6402AAA6E9700FBE5EC /* Landmarks */,
				ADC9C63F2AAA6E9700FBE5EC /* Products */,
			);
			sourceTree = "<group>";
		};
		ADC9C63F2AAA6E9700FBE5EC /* Products */ = {
			isa = PBXGroup;
			children = (
				ADC9C63E2AAA6E9700FBE5EC /* Landmarks.app */,
			);
			name = Products;
			sourceTree = "<group>";
		};
		ADC9C6402AAA6E9700FBE5EC /* Landmarks */ = {
			isa = PBXGroup;
			children = (
				ADC9C6412AAA6E9700FBE5EC /* LandmarksApp.swift */,
				ADC9C6592AB2165600FBE5EC /* Views */,
				ADC9C65B2AB2168A00FBE5EC /* Model */,
				ADC9C65C2AB216AC00FBE5EC /* Resources */,
				ADC9C6452AAA6E9800FBE5EC /* Assets.xcassets */,
				ADC9C6472AAA6E9800FBE5EC /* Preview Content */,
			);
			path = Landmarks;
			sourceTree = "<group>";
		};
		ADC9C6472AAA6E9800FBE5EC /* Preview Content */ = {
			isa = PBXGroup;
			children = (
				ADC9C6482AAA6E9800FBE5EC /* Preview Assets.xcassets */,
			);
			path = "Preview Content";
			sourceTree = "<group>";
		};
		ADC9C6592AB2165600FBE5EC /* Views */ = {
			isa = PBXGroup;
			children = (
				ADC9C6432AAA6E9700FBE5EC /* ContentView.swift */,
				ADC9C6612AED607A00FBE5EC /* LandmarksList.swift */,
				ADC9C6632AED650800FBE5EC /* LandmarkDetail.swift */,
				ADC9C64F2AB1F8C300FBE5EC /* CircleImage.swift */,
				ADC9C65F2AD181D400FBE5EC /* LandmarkRow.swift */,
				ADC9C6512AB1FD5A00FBE5EC /* MapView.swift */,
			);
			path = Views;
			sourceTree = "<group>";
		};
		ADC9C65B2AB2168A00FBE5EC /* Model */ = {
			isa = PBXGroup;
			children = (
				ADC9C6552AB20C6700FBE5EC /* Landmark.swift */,
				ADC9C6572AB211C600FBE5EC /* ModelData.swift */,
			);
			path = Model;
			sourceTree = "<group>";
		};
		ADC9C65C2AB216AC00FBE5EC /* Resources */ = {
			isa = PBXGroup;
			children = (
				ADC9C6532AB20BE300FBE5EC /* landmarkData.json */,
			);
			path = Resources;
			sourceTree = "<group>";
		};
/* End PBXGroup section */

/* Begin PBXNativeTarget section */
		ADC9C63D2AAA6E9700FBE5EC /* Landmarks */ = {
			isa = PBXNativeTarget;
			buildConfigurationList = ADC9C64C2AAA6E9800FBE5EC /* Build configuration list for PBXNativeTarget "Landmarks" */;
			buildPhases = (
				ADC9C63A2AAA6E9700FBE5EC /* Sources */,
				ADC9C63B2AAA6E9700FBE5EC /* Frameworks */,
				ADC9C63C2AAA6E9700FBE5EC /* Resources */,
			);
			buildRules = (
			);
			dependencies = (
			);
			name = Landmarks;
			productName = Landmarks;
			productReference = ADC9C63E2AAA6E9700FBE5EC /* Landmarks.app */;
			productType = "com.apple.product-type.application";
		};
/* End PBXNativeTarget section */

/* Begin PBXProject section */
		ADC9C6362AAA6E9700FBE5EC /* Project object */ = {
			isa = PBXProject;
			attributes = {
				BuildIndependentTargetsInParallel = 1;
				LastSwiftUpdateCheck = 1430;
				LastUpgradeCheck = 1430;
				TargetAttributes = {
					ADC9C63D2AAA6E9700FBE5EC = {
						CreatedOnToolsVersion = 14.3.1;
					};
				};
			};
			buildConfigurationList = ADC9C6392AAA6E9700FBE5EC /* Build configuration list for PBXProject "Landmarks" */;
			compatibilityVersion = "Xcode 14.0";
			developmentRegion = en;
			hasScannedForEncodings = 0;
			knownRegions = (
				en,
				Base,
			);
			mainGroup = ADC9C6352AAA6E9700FBE5EC;
			productRefGroup = ADC9C63F2AAA6E9700FBE5EC /* Products */;
			projectDirPath = "";
			projectRoot = "";
			targets = (
				ADC9C63D2AAA6E9700FBE5EC /* Landmarks */,
			);
		};
/* End PBXProject section */

/* Begin PBXResourcesBuildPhase section */
		ADC9C63C2AAA6E9700FBE5EC /* Resources */ = {
			isa = PBXResourcesBuildPhase;
			buildActionMask = 2147483647;
			files = (
				ADC9C6492AAA6E9800FBE5EC /* Preview Assets.xcassets in Resources */,
				ADC9C6462AAA6E9800FBE5EC /* Assets.xcassets in Resources */,
				ADC9C6542AB20BE300FBE5EC /* landmarkData.json in Resources */,
			);
			runOnlyForDeploymentPostprocessing = 0;
		};
/* End PBXResourcesBuildPhase section */

/* Begin PBXSourcesBuildPhase section */
		ADC9C63A2AAA6E9700FBE5EC /* Sources */ = {
			isa = PBXSourcesBuildPhase;
			buildActionMask = 2147483647;
			files = (
				ADC9C6442AAA6E9700FBE5EC /* ContentView.swift in Sources */,
				ADC9C6522AB1FD5A00FBE5EC /* MapView.swift in Sources */,
				ADC9C6422AAA6E9700FBE5EC /* LandmarksApp.swift in Sources */,
				ADC9C6502AB1F8C300FBE5EC /* CircleImage.swift in Sources */,
				ADC9C6642AED650800FBE5EC /* LandmarkDetail.swift in Sources */,
				ADC9C6562AB20C6700FBE5EC /* Landmark.swift in Sources */,
				ADC9C6602AD181D400FBE5EC /* LandmarkRow.swift in Sources */,
				ADC9C6582AB211C600FBE5EC /* ModelData.swift in Sources */,
				ADC9C6622AED607A00FBE5EC /* LandmarksList.swift in Sources */,
			);
			runOnlyForDeploymentPostprocessing = 0;
		};
/* End PBXSourcesBuildPhase section */

/* Begin XCBuildConfiguration section */
		ADC9C64A2AAA6E9800FBE5EC /* Debug */ = {
			isa = XCBuildConfiguration;
			buildSettings = {
				ALWAYS_SEARCH_USER_PATHS = NO;
				CLANG_ANALYZER_NONNULL = YES;
				CLANG_ANALYZER_NUMBER_OBJECT_CONVERSION = YES_AGGRESSIVE;
				CLANG_CXX_LANGUAGE_STANDARD = "gnu++20";
				CLANG_ENABLE_MODULES = YES;
				CLANG_ENABLE_OBJC_ARC = YES;
				CLANG_ENABLE_OBJC_WEAK = YES;
				CLANG_WARN_BLOCK_CAPTURE_AUTORELEASING = YES;
				CLANG_WARN_BOOL_CONVERSION = YES;
				CLANG_WARN_COMMA = YES;
				CLANG_WARN_CONSTANT_CONVERSION = YES;
				CLANG_WARN_DEPRECATED_OBJC_IMPLEMENTATIONS = YES;
				CLANG_WARN_DIRECT_OBJC_ISA_USAGE = YES_ERROR;
				CLANG_WARN_DOCUMENTATION_COMMENTS = YES;
				CLANG_WARN_EMPTY_BODY = YES;
				CLANG_WARN_ENUM_CONVERSION = YES;
				CLANG_WARN_INFINITE_RECURSION = YES;
				CLANG_WARN_INT_CONVERSION = YES;
				CLANG_WARN_NON_LITERAL_NULL_CONVERSION = YES;
				CLANG_WARN_OBJC_IMPLICIT_RETAIN_SELF = YES;
				CLANG_WARN_OBJC_LITERAL_CONVERSION = YES;
				CLANG_WARN_OBJC_ROOT_CLASS = YES_ERROR;
				CLANG_WARN_QUOTED_INCLUDE_IN_FRAMEWORK_HEADER = YES;
				CLANG_WARN_RANGE_LOOP_ANALYSIS = YES;
				CLANG_WARN_STRICT_PROTOTYPES = YES;
				CLANG_WARN_SUSPICIOUS_MOVE = YES;
				CLANG_WARN_UNGUARDED_AVAILABILITY = YES_AGGRESSIVE;
				CLANG_WARN_UNREACHABLE_CODE = YES;
				CLANG_WARN__DUPLICATE_METHOD_MATCH = YES;
				COPY_PHASE_STRIP = NO;
				DEBUG_INFORMATION_FORMAT = dwarf;
				ENABLE_STRICT_OBJC_MSGSEND = YES;
				ENABLE_TESTABILITY = YES;
				GCC_C_LANGUAGE_STANDARD = gnu11;
				GCC_DYNAMIC_NO_PIC = NO;
				GCC_NO_COMMON_BLOCKS = YES;
				GCC_OPTIMIZATION_LEVEL = 0;
				GCC_PREPROCESSOR_DEFINITIONS = (
					"DEBUG=1",
					"$(inherited)",
				);
				GCC_WARN_64_TO_32_BIT_CONVERSION = YES;
				GCC_WARN_ABOUT_RETURN_TYPE = YES_ERROR;
				GCC_WARN_UNDECLARED_SELECTOR = YES;
				GCC_WARN_UNINITIALIZED_AUTOS = YES_AGGRESSIVE;
				GCC_WARN_UNUSED_FUNCTION = YES;
				GCC_WARN_UNUSED_VARIABLE = YES;
				IPHONEOS_DEPLOYMENT_TARGET = 16.4;
				MTL_ENABLE_DEBUG_INFO = INCLUDE_SOURCE;
				MTL_FAST_MATH = YES;
				ONLY_ACTIVE_ARCH = YES;
				SDKROOT = iphoneos;
				SWIFT_ACTIVE_COMPILATION_CONDITIONS = DEBUG;
				SWIFT_OPTIMIZATION_LEVEL = "-Onone";
			};
			name = Debug;
		};
		ADC9C64B2AAA6E9800FBE5EC /* Release */ = {
			isa = XCBuildConfiguration;
			buildSettings = {
				ALWAYS_SEARCH_USER_PATHS = NO;
				CLANG_ANALYZER_NONNULL = YES;
				CLANG_ANALYZER_NUMBER_OBJECT_CONVERSION = YES_AGGRESSIVE;
				CLANG_CXX_LANGUAGE_STANDARD = "gnu++20";
				CLANG_ENABLE_MODULES = YES;
				CLANG_ENABLE_OBJC_ARC = YES;
				CLANG_ENABLE_OBJC_WEAK = YES;
				CLANG_WARN_BLOCK_CAPTURE_AUTORELEASING = YES;
				CLANG_WARN_BOOL_CONVERSION = YES;
				CLANG_WARN_COMMA = YES;
				CLANG_WARN_CONSTANT_CONVERSION = YES;
				CLANG_WARN_DEPRECATED_OBJC_IMPLEMENTATIONS = YES;
				CLANG_WARN_DIRECT_OBJC_ISA_USAGE = YES_ERROR;
				CLANG_WARN_DOCUMENTATION_COMMENTS = YES;
				CLANG_WARN_EMPTY_BODY = YES;
				CLANG_WARN_ENUM_CONVERSION = YES;
				CLANG_WARN_INFINITE_RECURSION = YES;
				CLANG_WARN_INT_CONVERSION = YES;
				CLANG_WARN_NON_LITERAL_NULL_CONVERSION = YES;
				CLANG_WARN_OBJC_IMPLICIT_RETAIN_SELF = YES;
				CLANG_WARN_OBJC_LITERAL_CONVERSION = YES;
				CLANG_WARN_OBJC_ROOT_CLASS = YES_ERROR;
				CLANG_WARN_QUOTED_INCLUDE_IN_FRAMEWORK_HEADER = YES;
				CLANG_WARN_RANGE_LOOP_ANALYSIS = YES;
				CLANG_WARN_STRICT_PROTOTYPES = YES;
				CLANG_WARN_SUSPICIOUS_MOVE = YES;
				CLANG_WARN_UNGUARDED_AVAILABILITY = YES_AGGRESSIVE;
				CLANG_WARN_UNREACHABLE_CODE = YES;
				CLANG_WARN__DUPLICATE_METHOD_MATCH = YES;
				COPY_PHASE_STRIP = NO;
				DEBUG_INFORMATION_FORMAT = "dwarf-with-dsym";
				ENABLE_NS_ASSERTIONS = NO;
				ENABLE_STRICT_OBJC_MSGSEND = YES;
				GCC_C_LANGUAGE_STANDARD = gnu11;
				GCC_NO_COMMON_BLOCKS = YES;
				GCC_WARN_64_TO_32_BIT_CONVERSION = YES;
				GCC_WARN_ABOUT_RETURN_TYPE = YES_ERROR;
				GCC_WARN_UNDECLARED_SELECTOR = YES;
				GCC_WARN_UNINITIALIZED_AUTOS = YES_AGGRESSIVE;
				GCC_WARN_UNUSED_FUNCTION = YES;
				GCC_WARN_UNUSED_VARIABLE = YES;
				IPHONEOS_DEPLOYMENT_TARGET = 16.4;
				MTL_ENABLE_DEBUG_INFO = NO;
				MTL_FAST_MATH = YES;
				SDKROOT = iphoneos;
				SWIFT_COMPILATION_MODE = wholemodule;
				SWIFT_OPTIMIZATION_LEVEL = "-O";
				VALIDATE_PRODUCT = YES;
			};
			name = Release;
		};
		ADC9C64D2AAA6E9800FBE5EC /* Debug */ = {
			isa = XCBuildConfiguration;
			buildSettings = {
				ASSETCATALOG_COMPILER_APPICON_NAME = AppIcon;
				ASSETCATALOG_COMPILER_GLOBAL_ACCENT_COLOR_NAME = AccentColor;
				CODE_SIGN_STYLE = Automatic;
				CURRENT_PROJECT_VERSION = 1;
				DEVELOPMENT_ASSET_PATHS = "\"Landmarks/Preview Content\"";
				DEVELOPMENT_TEAM = K27GA8K44V;
				ENABLE_PREVIEWS = YES;
				GENERATE_INFOPLIST_FILE = YES;
				INFOPLIST_KEY_UIApplicationSceneManifest_Generation = YES;
				INFOPLIST_KEY_UIApplicationSupportsIndirectInputEvents = YES;
				INFOPLIST_KEY_UILaunchScreen_Generation = YES;
				INFOPLIST_KEY_UISupportedInterfaceOrientations_iPad = "UIInterfaceOrientationPortrait UIInterfaceOrientationPortraitUpsideDown UIInterfaceOrientationLandscapeLeft UIInterfaceOrientationLandscapeRight";
				INFOPLIST_KEY_UISupportedInterfaceOrientations_iPhone = "UIInterfaceOrientationPortrait UIInterfaceOrientationLandscapeLeft UIInterfaceOrientationLandscapeRight";
				LD_RUNPATH_SEARCH_PATHS = (
					"$(inherited)",
					"@executable_path/Frameworks",
				);
				MARKETING_VERSION = 1.0;
				PRODUCT_BUNDLE_IDENTIFIER = spiritual.com.ex.Landmarks;
				PRODUCT_NAME = "$(TARGET_NAME)";
				SWIFT_EMIT_LOC_STRINGS = YES;
				SWIFT_VERSION = 5.0;
				TARGETED_DEVICE_FAMILY = "1,2";
			};
			name = Debug;
		};
		ADC9C64E2AAA6E9800FBE5EC /* Release */ = {
			isa = XCBuildConfiguration;
			buildSettings = {
				ASSETCATALOG_COMPILER_APPICON_NAME = AppIcon;
				ASSETCATALOG_COMPILER_GLOBAL_ACCENT_COLOR_NAME = AccentColor;
				CODE_SIGN_STYLE = Automatic;
				CURRENT_PROJECT_VERSION = 1;
				DEVELOPMENT_ASSET_PATHS = "\"Landmarks/Preview Content\"";
				DEVELOPMENT_TEAM = K27GA8K44V;
				ENABLE_PREVIEWS = YES;
				GENERATE_INFOPLIST_FILE = YES;
				INFOPLIST_KEY_UIApplicationSceneManifest_Generation = YES;
				INFOPLIST_KEY_UIApplicationSupportsIndirectInputEvents = YES;
				INFOPLIST_KEY_UILaunchScreen_Generation = YES;
				INFOPLIST_KEY_UISupportedInterfaceOrientations_iPad = "UIInterfaceOrientationPortrait UIInterfaceOrientationPortraitUpsideDown UIInterfaceOrientationLandscapeLeft UIInterfaceOrientationLandscapeRight";
				INFOPLIST_KEY_UISupportedInterfaceOrientations_iPhone = "UIInterfaceOrientationPortrait UIInterfaceOrientationLandscapeLeft UIInterfaceOrientationLandscapeRight";
				LD_RUNPATH_SEARCH_PATHS = (
					"$(inherited)",
					"@executable_path/Frameworks",
				);
				MARKETING_VERSION = 1.0;
				PRODUCT_BUNDLE_IDENTIFIER = spiritual.com.ex.Landmarks;
				PRODUCT_NAME = "$(TARGET_NAME)";
				SWIFT_EMIT_LOC_STRINGS = YES;
				SWIFT_VERSION = 5.0;
				TARGETED_DEVICE_FAMILY = "1,2";
			};
			name = Release;
		};
/* End XCBuildConfiguration section */

/* Begin XCConfigurationList section */
		ADC9C6392AAA6E9700FBE5EC /* Build configuration list for PBXProject "Landmarks" */ = {
			isa = XCConfigurationList;
			buildConfigurations = (
				ADC9C64A2AAA6E9800FBE5EC /* Debug */,
				ADC9C64B2AAA6E9800FBE5EC /* Release */,
			);
			defaultConfigurationIsVisible = 0;
			defaultConfigurationName = Release;
		};
		ADC9C64C2AAA6E9800FBE5EC /* Build configuration list for PBXNativeTarget "Landmarks" */ = {
			isa = XCConfigurationList;
			buildConfigurations = (
				ADC9C64D2AAA6E9800FBE5EC /* Debug */,
				ADC9C64E2AAA6E9800FBE5EC /* Release */,
			);
			defaultConfigurationIsVisible = 0;
			defaultConfigurationName = Release;
		};
/* End XCConfigurationList section */
	};
	rootObject = ADC9C6362AAA6E9700FBE5EC /* Project object */;
}
